
Microsoft Visual Studio Solution File, Format Version 12.00
# Visual Studio 15
VisualStudioVersion = 15.0.27428.2002
MinimumVisualStudioVersion = 10.0.40219.1
Project("{FAE04EC0-301F-11D3-BF4B-00C04F79EFBC}") = "Magadh-International-School", "Magadh-International-School\Magadh-International-School.csproj", "{1B52182F-0EAA-4469-942A-1E2A054CAFA1}"
EndProject
Global
	GlobalSection(SolutionConfigurationPlatforms) = preSolution
		Debug|Any CPU = Debug|Any CPU
		Release|Any CPU = Release|Any CPU
	EndGlobalSection
	GlobalSection(ProjectConfigurationPlatforms) = postSolution
		{1B52182F-0EAA-4469-942A-1E2A054CAFA1}.Debug|Any CPU.ActiveCfg = Debug|Any CPU
		{1B52182F-0EAA-4469-942A-1E2A054CAFA1}.Debug|Any CPU.Build.0 = Debug|Any CPU
		{1B52182F-0EAA-4469-942A-1E2A054CAFA1}.Release|Any CPU.ActiveCfg = Release|Any CPU
		{1B52182F-0EAA-4469-942A-1E2A054CAFA1}.Release|Any CPU.Build.0 = Release|Any CPU
	EndGlobalSection
	GlobalSection(SolutionProperties) = preSolution
		HideSolutionNode = FALSE
	EndGlobalSection
	GlobalSection(ExtensibilityGlobals) = postSolution
		SolutionGuid = {719AFE7D-56C7-42AD-ADD8-64D277D58090}
	EndGlobalSection
	GlobalSection(TeamFoundationVersionControl) = preSolution
		SccNumberOfProjects = 2
		SccEnterpriseProvider = {4CA58AB2-18FA-4F8D-95D4-32DDF27D184C}
		SccTeamFoundationServer = https://asapservices.visualstudio.com/
		SccLocalPath0 = .
		SccProjectUniqueName1 = Magadh-International-School\\Magadh-International-School.csproj
		SccProjectName1 = Magadh-International-School
		SccLocalPath1 = Magadh-International-School
	EndGlobalSection
EndGlobal
